
Microsoft Visual Studio Solution File, Format Version 12.00
# Visual Studio Version 17
VisualStudioVersion = 17.7.34031.279
MinimumVisualStudioVersion = 10.0.40219.1
Project("{2150E333-8FDC-42A3-9474-1A3956D46DE8}") = "src", "src", "{8BFABA9C-51CE-4D6F-8B66-46B193D232A6}"
EndProject
Project("{2150E333-8FDC-42A3-9474-1A3956D46DE8}") = "services", "services", "{7BE669C8-8CEF-4C45-A446-54099FCA551C}"
EndProject
Project("{9A19103F-16F7-4668-BE54-9A1E7A4F7556}") = "Cleiteam.Identidade.API", "src\services\Cleiteam.Identidade.API\Cleiteam.Identidade.API.csproj", "{907FD032-5C69-48C2-B282-E95345468ED1}"
EndProject
Project("{9A19103F-16F7-4668-BE54-9A1E7A4F7556}") = "Cleiteam.API", "src\services\Cleiteam.API\Cleiteam.API.csproj", "{801FFA0E-134B-4157-9F43-3F51082433BB}"
EndProject
Project("{9A19103F-16F7-4668-BE54-9A1E7A4F7556}") = "Cleiteam.Data", "src\services\Cleiteam.Data\Cleiteam.Data.csproj", "{59824153-9813-4961-9AF4-E461AA7CF61F}"
EndProject
Project("{9A19103F-16F7-4668-BE54-9A1E7A4F7556}") = "Cleiteam.CrossCutting", "src\services\Cleiteam.CrossCutting\Cleiteam.CrossCutting.csproj", "{9CE66C81-0B3E-409C-8243-F869CE562DC0}"
EndProject
Project("{9A19103F-16F7-4668-BE54-9A1E7A4F7556}") = "Cleiteam.Domain", "src\services\Cleiteam.Domain\Cleiteam.Domain.csproj", "{2BAA11E0-7EBA-435B-AE19-70F556E2FF90}"
EndProject
Project("{9A19103F-16F7-4668-BE54-9A1E7A4F7556}") = "Cleiteam.Service", "src\services\Cleiteam.Service\Cleiteam.Service.csproj", "{AEB17C96-C8FB-4391-874F-A03E8DE9D3A6}"
EndProject
Global
	GlobalSection(SolutionConfigurationPlatforms) = preSolution
		Debug|Any CPU = Debug|Any CPU
		Release|Any CPU = Release|Any CPU
	EndGlobalSection
	GlobalSection(ProjectConfigurationPlatforms) = postSolution
		{907FD032-5C69-48C2-B282-E95345468ED1}.Debug|Any CPU.ActiveCfg = Debug|Any CPU
		{907FD032-5C69-48C2-B282-E95345468ED1}.Debug|Any CPU.Build.0 = Debug|Any CPU
		{907FD032-5C69-48C2-B282-E95345468ED1}.Release|Any CPU.ActiveCfg = Release|Any CPU
		{907FD032-5C69-48C2-B282-E95345468ED1}.Release|Any CPU.Build.0 = Release|Any CPU
		{801FFA0E-134B-4157-9F43-3F51082433BB}.Debug|Any CPU.ActiveCfg = Debug|Any CPU
		{801FFA0E-134B-4157-9F43-3F51082433BB}.Debug|Any CPU.Build.0 = Debug|Any CPU
		{801FFA0E-134B-4157-9F43-3F51082433BB}.Release|Any CPU.ActiveCfg = Release|Any CPU
		{801FFA0E-134B-4157-9F43-3F51082433BB}.Release|Any CPU.Build.0 = Release|Any CPU
		{59824153-9813-4961-9AF4-E461AA7CF61F}.Debug|Any CPU.ActiveCfg = Debug|Any CPU
		{59824153-9813-4961-9AF4-E461AA7CF61F}.Debug|Any CPU.Build.0 = Debug|Any CPU
		{59824153-9813-4961-9AF4-E461AA7CF61F}.Release|Any CPU.ActiveCfg = Release|Any CPU
		{59824153-9813-4961-9AF4-E461AA7CF61F}.Release|Any CPU.Build.0 = Release|Any CPU
		{9CE66C81-0B3E-409C-8243-F869CE562DC0}.Debug|Any CPU.ActiveCfg = Debug|Any CPU
		{9CE66C81-0B3E-409C-8243-F869CE562DC0}.Debug|Any CPU.Build.0 = Debug|Any CPU
		{9CE66C81-0B3E-409C-8243-F869CE562DC0}.Release|Any CPU.ActiveCfg = Release|Any CPU
		{9CE66C81-0B3E-409C-8243-F869CE562DC0}.Release|Any CPU.Build.0 = Release|Any CPU
		{2BAA11E0-7EBA-435B-AE19-70F556E2FF90}.Debug|Any CPU.ActiveCfg = Debug|Any CPU
		{2BAA11E0-7EBA-435B-AE19-70F556E2FF90}.Debug|Any CPU.Build.0 = Debug|Any CPU
		{2BAA11E0-7EBA-435B-AE19-70F556E2FF90}.Release|Any CPU.ActiveCfg = Release|Any CPU
		{2BAA11E0-7EBA-435B-AE19-70F556E2FF90}.Release|Any CPU.Build.0 = Release|Any CPU
		{AEB17C96-C8FB-4391-874F-A03E8DE9D3A6}.Debug|Any CPU.ActiveCfg = Debug|Any CPU
		{AEB17C96-C8FB-4391-874F-A03E8DE9D3A6}.Debug|Any CPU.Build.0 = Debug|Any CPU
		{AEB17C96-C8FB-4391-874F-A03E8DE9D3A6}.Release|Any CPU.ActiveCfg = Release|Any CPU
		{AEB17C96-C8FB-4391-874F-A03E8DE9D3A6}.Release|Any CPU.Build.0 = Release|Any CPU
	EndGlobalSection
	GlobalSection(SolutionProperties) = preSolution
		HideSolutionNode = FALSE
	EndGlobalSection
	GlobalSection(NestedProjects) = preSolution
		{7BE669C8-8CEF-4C45-A446-54099FCA551C} = {8BFABA9C-51CE-4D6F-8B66-46B193D232A6}
		{907FD032-5C69-48C2-B282-E95345468ED1} = {7BE669C8-8CEF-4C45-A446-54099FCA551C}
		{801FFA0E-134B-4157-9F43-3F51082433BB} = {7BE669C8-8CEF-4C45-A446-54099FCA551C}
		{59824153-9813-4961-9AF4-E461AA7CF61F} = {7BE669C8-8CEF-4C45-A446-54099FCA551C}
		{9CE66C81-0B3E-409C-8243-F869CE562DC0} = {7BE669C8-8CEF-4C45-A446-54099FCA551C}
		{2BAA11E0-7EBA-435B-AE19-70F556E2FF90} = {7BE669C8-8CEF-4C45-A446-54099FCA551C}
		{AEB17C96-C8FB-4391-874F-A03E8DE9D3A6} = {7BE669C8-8CEF-4C45-A446-54099FCA551C}
	EndGlobalSection
	GlobalSection(ExtensibilityGlobals) = postSolution
		SolutionGuid = {BD35F517-C1F1-4A3A-A734-39770CBFD303}
	EndGlobalSection
EndGlobal
